
Microsoft Visual Studio Solution File, Format Version 12.00
# Visual Studio Version 17
VisualStudioVersion = 17.5.001.0
MinimumVisualStudioVersion = 10.0.40219.1
Project("{9A19103F-16F7-4668-BE54-9A1E7A4F7556}") = "Prak12", "Prak12.csproj", "{4DAF8F5F-2380-4667-8ADC-F18AF0CC933B}"
EndProject
Global
	GlobalSection(SolutionConfigurationPlatforms) = preSolution
		Debug|Any CPU = Debug|Any CPU
		Release|Any CPU = Release|Any CPU
	EndGlobalSection
	GlobalSection(ProjectConfigurationPlatforms) = postSolution
		{4DAF8F5F-2380-4667-8ADC-F18AF0CC933B}.Debug|Any CPU.ActiveCfg = Debug|Any CPU
		{4DAF8F5F-2380-4667-8ADC-F18AF0CC933B}.Debug|Any CPU.Build.0 = Debug|Any CPU
		{4DAF8F5F-2380-4667-8ADC-F18AF0CC933B}.Release|Any CPU.ActiveCfg = Release|Any CPU
		{4DAF8F5F-2380-4667-8ADC-F18AF0CC933B}.Release|Any CPU.Build.0 = Release|Any CPU
	EndGlobalSection
	GlobalSection(SolutionProperties) = preSolution
		HideSolutionNode = FALSE
	EndGlobalSection
	GlobalSection(ExtensibilityGlobals) = postSolution
		SolutionGuid = {5AF82182-81B1-4598-8C62-23050D530643}
	EndGlobalSection
EndGlobal
